version = 1
revision = 3
requires-python = ">=3.14"

[manifest]
members = [
    "akiora-workspace",
    "proto-build",
    "shared",
]

[[package]]
name = "akiora-workspace"
version = "0.1.0"
source = { virtual = "." }

[[package]]
name = "proto-build"
version = "0.1.0"
source = { virtual = "proto-build" }

[[package]]
name = "shared"
version = "0.1.0"
source = { virtual = "shared" }
